
Microsoft Visual Studio Solution File, Format Version 12.00
# Visual Studio Version 16
VisualStudioVersion = 16.0.29613.14
MinimumVisualStudioVersion = 10.0.40219.1
Project("{FAE04EC0-301F-11D3-BF4B-00C04F79EFBC}") = "Desafio02", "Desafio02\Desafio02.csproj", "{C6F2C6FC-EDC8-4E63-A1CE-BD5B62B55B91}"
EndProject
Global
	GlobalSection(SolutionConfigurationPlatforms) = preSolution
		Debug|Any CPU = Debug|Any CPU
		Release|Any CPU = Release|Any CPU
	EndGlobalSection
	GlobalSection(ProjectConfigurationPlatforms) = postSolution
		{C6F2C6FC-EDC8-4E63-A1CE-BD5B62B55B91}.Debug|Any CPU.ActiveCfg = Debug|Any CPU
		{C6F2C6FC-EDC8-4E63-A1CE-BD5B62B55B91}.Debug|Any CPU.Build.0 = Debug|Any CPU
		{C6F2C6FC-EDC8-4E63-A1CE-BD5B62B55B91}.Release|Any CPU.ActiveCfg = Release|Any CPU
		{C6F2C6FC-EDC8-4E63-A1CE-BD5B62B55B91}.Release|Any CPU.Build.0 = Release|Any CPU
	EndGlobalSection
	GlobalSection(SolutionProperties) = preSolution
		HideSolutionNode = FALSE
	EndGlobalSection
	GlobalSection(ExtensibilityGlobals) = postSolution
		SolutionGuid = {EBE9D4A5-FBC4-4B7E-86DF-15123D5620E1}
	EndGlobalSection
EndGlobal
